
Microsoft Visual Studio Solution File, Format Version 12.00
# Visual Studio Version 16
VisualStudioVersion = 16.0.31402.337
MinimumVisualStudioVersion = 10.0.40219.1
Project("{FAE04EC0-301F-11D3-BF4B-00C04F79EFBC}") = "Cartesian", "Cartesian\Cartesian.csproj", "{CA3A93E7-4073-4C7C-922E-E1E8406E6636}"
EndProject
Project("{FAE04EC0-301F-11D3-BF4B-00C04F79EFBC}") = "Common", "Common\Common.csproj", "{41FD8FA5-5553-443B-BA91-512AE65A46CE}"
EndProject
Project("{2150E333-8FDC-42A3-9474-1A3956D46DE8}") = "Modules", "Modules", "{E5E35C6B-6469-4F54-A3A7-BFB102573966}"
EndProject
Project("{FAE04EC0-301F-11D3-BF4B-00C04F79EFBC}") = "CartesianViewerModule", "Modules\CartesianViewerModule\CartesianViewerModule.csproj", "{9EC5B5FB-245F-40F8-8A2F-C407BF6973BB}"
EndProject
Project("{FAE04EC0-301F-11D3-BF4B-00C04F79EFBC}") = "LoadDataModule", "Modules\LoadDataModule\LoadDataModule.csproj", "{FE8DC637-AA67-485B-BC2C-B9837136D3FA}"
EndProject
Project("{FAE04EC0-301F-11D3-BF4B-00C04F79EFBC}") = "TopNavigatorModule", "Modules\TopNavigatorModule\TopNavigatorModule.csproj", "{A070A391-FE9F-4A00-BEB4-268C9C89E49B}"
EndProject
Project("{2150E333-8FDC-42A3-9474-1A3956D46DE8}") = "Tests", "Tests", "{6D44D7E2-F721-4932-812B-856721312596}"
EndProject
Project("{FAE04EC0-301F-11D3-BF4B-00C04F79EFBC}") = "Cartesian.Tests", "Tests\Cartesian.Tests\Cartesian.Tests.csproj", "{56B752EF-A35A-4032-ACE4-BA3DA74B3310}"
EndProject
Project("{FAE04EC0-301F-11D3-BF4B-00C04F79EFBC}") = "Common.Tests", "Tests\Common.Tests\Common.Tests.csproj", "{4530BCD1-2F01-465D-BA60-97388030EA51}"
EndProject
Project("{2150E333-8FDC-42A3-9474-1A3956D46DE8}") = "ModulesTests", "ModulesTests", "{11CAD1AA-E981-4233-8C8F-F9913866B853}"
EndProject
Project("{FAE04EC0-301F-11D3-BF4B-00C04F79EFBC}") = "CartesianViewerModule.Tests", "Tests\ModulesTests\CartesianViewerModule.Tests\CartesianViewerModule.Tests.csproj", "{DF30E52D-840B-46D2-8BF1-D8B7F5FD1AC4}"
EndProject
Project("{FAE04EC0-301F-11D3-BF4B-00C04F79EFBC}") = "LoadDataModule.Tests", "Tests\ModulesTests\LoadDataModule.Tests\LoadDataModule.Tests.csproj", "{F8580DDB-358A-465F-92C2-7E862F4E059A}"
EndProject
Project("{FAE04EC0-301F-11D3-BF4B-00C04F79EFBC}") = "TopNavigatorModule.Tests", "Tests\ModulesTests\TopNavigatorModule.Tests\TopNavigatorModule.Tests.csproj", "{0974C65F-0F22-4324-AAF0-FA24D15399D2}"
EndProject
Global
	GlobalSection(SolutionConfigurationPlatforms) = preSolution
		Debug|Any CPU = Debug|Any CPU
		Debug|x64 = Debug|x64
		Debug|x86 = Debug|x86
		Release|Any CPU = Release|Any CPU
		Release|x64 = Release|x64
		Release|x86 = Release|x86
	EndGlobalSection
	GlobalSection(ProjectConfigurationPlatforms) = postSolution
		{CA3A93E7-4073-4C7C-922E-E1E8406E6636}.Debug|Any CPU.ActiveCfg = Debug|Any CPU
		{CA3A93E7-4073-4C7C-922E-E1E8406E6636}.Debug|Any CPU.Build.0 = Debug|Any CPU
		{CA3A93E7-4073-4C7C-922E-E1E8406E6636}.Debug|x64.ActiveCfg = Debug|Any CPU
		{CA3A93E7-4073-4C7C-922E-E1E8406E6636}.Debug|x64.Build.0 = Debug|Any CPU
		{CA3A93E7-4073-4C7C-922E-E1E8406E6636}.Debug|x86.ActiveCfg = Debug|Any CPU
		{CA3A93E7-4073-4C7C-922E-E1E8406E6636}.Debug|x86.Build.0 = Debug|Any CPU
		{CA3A93E7-4073-4C7C-922E-E1E8406E6636}.Release|Any CPU.ActiveCfg = Release|Any CPU
		{CA3A93E7-4073-4C7C-922E-E1E8406E6636}.Release|Any CPU.Build.0 = Release|Any CPU
		{CA3A93E7-4073-4C7C-922E-E1E8406E6636}.Release|x64.ActiveCfg = Release|Any CPU
		{CA3A93E7-4073-4C7C-922E-E1E8406E6636}.Release|x64.Build.0 = Release|Any CPU
		{CA3A93E7-4073-4C7C-922E-E1E8406E6636}.Release|x86.ActiveCfg = Release|Any CPU
		{CA3A93E7-4073-4C7C-922E-E1E8406E6636}.Release|x86.Build.0 = Release|Any CPU
		{41FD8FA5-5553-443B-BA91-512AE65A46CE}.Debug|Any CPU.ActiveCfg = Debug|Any CPU
		{41FD8FA5-5553-443B-BA91-512AE65A46CE}.Debug|Any CPU.Build.0 = Debug|Any CPU
		{41FD8FA5-5553-443B-BA91-512AE65A46CE}.Debug|x64.ActiveCfg = Debug|Any CPU
		{41FD8FA5-5553-443B-BA91-512AE65A46CE}.Debug|x64.Build.0 = Debug|Any CPU
		{41FD8FA5-5553-443B-BA91-512AE65A46CE}.Debug|x86.ActiveCfg = Debug|Any CPU
		{41FD8FA5-5553-443B-BA91-512AE65A46CE}.Debug|x86.Build.0 = Debug|Any CPU
		{41FD8FA5-5553-443B-BA91-512AE65A46CE}.Release|Any CPU.ActiveCfg = Release|Any CPU
		{41FD8FA5-5553-443B-BA91-512AE65A46CE}.Release|Any CPU.Build.0 = Release|Any CPU
		{41FD8FA5-5553-443B-BA91-512AE65A46CE}.Release|x64.ActiveCfg = Release|Any CPU
		{41FD8FA5-5553-443B-BA91-512AE65A46CE}.Release|x64.Build.0 = Release|Any CPU
		{41FD8FA5-5553-443B-BA91-512AE65A46CE}.Release|x86.ActiveCfg = Release|Any CPU
		{41FD8FA5-5553-443B-BA91-512AE65A46CE}.Release|x86.Build.0 = Release|Any CPU
		{9EC5B5FB-245F-40F8-8A2F-C407BF6973BB}.Debug|Any CPU.ActiveCfg = Debug|Any CPU
		{9EC5B5FB-245F-40F8-8A2F-C407BF6973BB}.Debug|Any CPU.Build.0 = Debug|Any CPU
		{9EC5B5FB-245F-40F8-8A2F-C407BF6973BB}.Debug|x64.ActiveCfg = Debug|Any CPU
		{9EC5B5FB-245F-40F8-8A2F-C407BF6973BB}.Debug|x64.Build.0 = Debug|Any CPU
		{9EC5B5FB-245F-40F8-8A2F-C407BF6973BB}.Debug|x86.ActiveCfg = Debug|Any CPU
		{9EC5B5FB-245F-40F8-8A2F-C407BF6973BB}.Debug|x86.Build.0 = Debug|Any CPU
		{9EC5B5FB-245F-40F8-8A2F-C407BF6973BB}.Release|Any CPU.ActiveCfg = Release|Any CPU
		{9EC5B5FB-245F-40F8-8A2F-C407BF6973BB}.Release|Any CPU.Build.0 = Release|Any CPU
		{9EC5B5FB-245F-40F8-8A2F-C407BF6973BB}.Release|x64.ActiveCfg = Release|Any CPU
		{9EC5B5FB-245F-40F8-8A2F-C407BF6973BB}.Release|x64.Build.0 = Release|Any CPU
		{9EC5B5FB-245F-40F8-8A2F-C407BF6973BB}.Release|x86.ActiveCfg = Release|Any CPU
		{9EC5B5FB-245F-40F8-8A2F-C407BF6973BB}.Release|x86.Build.0 = Release|Any CPU
		{FE8DC637-AA67-485B-BC2C-B9837136D3FA}.Debug|Any CPU.ActiveCfg = Debug|Any CPU
		{FE8DC637-AA67-485B-BC2C-B9837136D3FA}.Debug|Any CPU.Build.0 = Debug|Any CPU
		{FE8DC637-AA67-485B-BC2C-B9837136D3FA}.Debug|x64.ActiveCfg = Debug|Any CPU
		{FE8DC637-AA67-485B-BC2C-B9837136D3FA}.Debug|x64.Build.0 = Debug|Any CPU
		{FE8DC637-AA67-485B-BC2C-B9837136D3FA}.Debug|x86.ActiveCfg = Debug|Any CPU
		{FE8DC637-AA67-485B-BC2C-B9837136D3FA}.Debug|x86.Build.0 = Debug|Any CPU
		{FE8DC637-AA67-485B-BC2C-B9837136D3FA}.Release|Any CPU.ActiveCfg = Release|Any CPU
		{FE8DC637-AA67-485B-BC2C-B9837136D3FA}.Release|Any CPU.Build.0 = Release|Any CPU
		{FE8DC637-AA67-485B-BC2C-B9837136D3FA}.Release|x64.ActiveCfg = Release|Any CPU
		{FE8DC637-AA67-485B-BC2C-B9837136D3FA}.Release|x64.Build.0 = Release|Any CPU
		{FE8DC637-AA67-485B-BC2C-B9837136D3FA}.Release|x86.ActiveCfg = Release|Any CPU
		{FE8DC637-AA67-485B-BC2C-B9837136D3FA}.Release|x86.Build.0 = Release|Any CPU
		{A070A391-FE9F-4A00-BEB4-268C9C89E49B}.Debug|Any CPU.ActiveCfg = Debug|Any CPU
		{A070A391-FE9F-4A00-BEB4-268C9C89E49B}.Debug|Any CPU.Build.0 = Debug|Any CPU
		{A070A391-FE9F-4A00-BEB4-268C9C89E49B}.Debug|x64.ActiveCfg = Debug|Any CPU
		{A070A391-FE9F-4A00-BEB4-268C9C89E49B}.Debug|x64.Build.0 = Debug|Any CPU
		{A070A391-FE9F-4A00-BEB4-268C9C89E49B}.Debug|x86.ActiveCfg = Debug|Any CPU
		{A070A391-FE9F-4A00-BEB4-268C9C89E49B}.Debug|x86.Build.0 = Debug|Any CPU
		{A070A391-FE9F-4A00-BEB4-268C9C89E49B}.Release|Any CPU.ActiveCfg = Release|Any CPU
		{A070A391-FE9F-4A00-BEB4-268C9C89E49B}.Release|Any CPU.Build.0 = Release|Any CPU
		{A070A391-FE9F-4A00-BEB4-268C9C89E49B}.Release|x64.ActiveCfg = Release|Any CPU
		{A070A391-FE9F-4A00-BEB4-268C9C89E49B}.Release|x64.Build.0 = Release|Any CPU
		{A070A391-FE9F-4A00-BEB4-268C9C89E49B}.Release|x86.ActiveCfg = Release|Any CPU
		{A070A391-FE9F-4A00-BEB4-268C9C89E49B}.Release|x86.Build.0 = Release|Any CPU
		{56B752EF-A35A-4032-ACE4-BA3DA74B3310}.Debug|Any CPU.ActiveCfg = Debug|Any CPU
		{56B752EF-A35A-4032-ACE4-BA3DA74B3310}.Debug|Any CPU.Build.0 = Debug|Any CPU
		{56B752EF-A35A-4032-ACE4-BA3DA74B3310}.Debug|x64.ActiveCfg = Debug|Any CPU
		{56B752EF-A35A-4032-ACE4-BA3DA74B3310}.Debug|x64.Build.0 = Debug|Any CPU
		{56B752EF-A35A-4032-ACE4-BA3DA74B3310}.Debug|x86.ActiveCfg = Debug|Any CPU
		{56B752EF-A35A-4032-ACE4-BA3DA74B3310}.Debug|x86.Build.0 = Debug|Any CPU
		{56B752EF-A35A-4032-ACE4-BA3DA74B3310}.Release|Any CPU.ActiveCfg = Release|Any CPU
		{56B752EF-A35A-4032-ACE4-BA3DA74B3310}.Release|Any CPU.Build.0 = Release|Any CPU
		{56B752EF-A35A-4032-ACE4-BA3DA74B3310}.Release|x64.ActiveCfg = Release|Any CPU
		{56B752EF-A35A-4032-ACE4-BA3DA74B3310}.Release|x64.Build.0 = Release|Any CPU
		{56B752EF-A35A-4032-ACE4-BA3DA74B3310}.Release|x86.ActiveCfg = Release|Any CPU
		{56B752EF-A35A-4032-ACE4-BA3DA74B3310}.Release|x86.Build.0 = Release|Any CPU
		{4530BCD1-2F01-465D-BA60-97388030EA51}.Debug|Any CPU.ActiveCfg = Debug|Any CPU
		{4530BCD1-2F01-465D-BA60-97388030EA51}.Debug|Any CPU.Build.0 = Debug|Any CPU
		{4530BCD1-2F01-465D-BA60-97388030EA51}.Debug|x64.ActiveCfg = Debug|Any CPU
		{4530BCD1-2F01-465D-BA60-97388030EA51}.Debug|x64.Build.0 = Debug|Any CPU
		{4530BCD1-2F01-465D-BA60-97388030EA51}.Debug|x86.ActiveCfg = Debug|Any CPU
		{4530BCD1-2F01-465D-BA60-97388030EA51}.Debug|x86.Build.0 = Debug|Any CPU
		{4530BCD1-2F01-465D-BA60-97388030EA51}.Release|Any CPU.ActiveCfg = Release|Any CPU
		{4530BCD1-2F01-465D-BA60-97388030EA51}.Release|Any CPU.Build.0 = Release|Any CPU
		{4530BCD1-2F01-465D-BA60-97388030EA51}.Release|x64.ActiveCfg = Release|Any CPU
		{4530BCD1-2F01-465D-BA60-97388030EA51}.Release|x64.Build.0 = Release|Any CPU
		{4530BCD1-2F01-465D-BA60-97388030EA51}.Release|x86.ActiveCfg = Release|Any CPU
		{4530BCD1-2F01-465D-BA60-97388030EA51}.Release|x86.Build.0 = Release|Any CPU
		{DF30E52D-840B-46D2-8BF1-D8B7F5FD1AC4}.Debug|Any CPU.ActiveCfg = Debug|Any CPU
		{DF30E52D-840B-46D2-8BF1-D8B7F5FD1AC4}.Debug|Any CPU.Build.0 = Debug|Any CPU
		{DF30E52D-840B-46D2-8BF1-D8B7F5FD1AC4}.Debug|x64.ActiveCfg = Debug|Any CPU
		{DF30E52D-840B-46D2-8BF1-D8B7F5FD1AC4}.Debug|x64.Build.0 = Debug|Any CPU
		{DF30E52D-840B-46D2-8BF1-D8B7F5FD1AC4}.Debug|x86.ActiveCfg = Debug|Any CPU
		{DF30E52D-840B-46D2-8BF1-D8B7F5FD1AC4}.Debug|x86.Build.0 = Debug|Any CPU
		{DF30E52D-840B-46D2-8BF1-D8B7F5FD1AC4}.Release|Any CPU.ActiveCfg = Release|Any CPU
		{DF30E52D-840B-46D2-8BF1-D8B7F5FD1AC4}.Release|Any CPU.Build.0 = Release|Any CPU
		{DF30E52D-840B-46D2-8BF1-D8B7F5FD1AC4}.Release|x64.ActiveCfg = Release|Any CPU
		{DF30E52D-840B-46D2-8BF1-D8B7F5FD1AC4}.Release|x64.Build.0 = Release|Any CPU
		{DF30E52D-840B-46D2-8BF1-D8B7F5FD1AC4}.Release|x86.ActiveCfg = Release|Any CPU
		{DF30E52D-840B-46D2-8BF1-D8B7F5FD1AC4}.Release|x86.Build.0 = Release|Any CPU
		{F8580DDB-358A-465F-92C2-7E862F4E059A}.Debug|Any CPU.ActiveCfg = Debug|Any CPU
		{F8580DDB-358A-465F-92C2-7E862F4E059A}.Debug|Any CPU.Build.0 = Debug|Any CPU
		{F8580DDB-358A-465F-92C2-7E862F4E059A}.Debug|x64.ActiveCfg = Debug|Any CPU
		{F8580DDB-358A-465F-92C2-7E862F4E059A}.Debug|x64.Build.0 = Debug|Any CPU
		{F8580DDB-358A-465F-92C2-7E862F4E059A}.Debug|x86.ActiveCfg = Debug|Any CPU
		{F8580DDB-358A-465F-92C2-7E862F4E059A}.Debug|x86.Build.0 = Debug|Any CPU
		{F8580DDB-358A-465F-92C2-7E862F4E059A}.Release|Any CPU.ActiveCfg = Release|Any CPU
		{F8580DDB-358A-465F-92C2-7E862F4E059A}.Release|Any CPU.Build.0 = Release|Any CPU
		{F8580DDB-358A-465F-92C2-7E862F4E059A}.Release|x64.ActiveCfg = Release|Any CPU
		{F8580DDB-358A-465F-92C2-7E862F4E059A}.Release|x64.Build.0 = Release|Any CPU
		{F8580DDB-358A-465F-92C2-7E862F4E059A}.Release|x86.ActiveCfg = Release|Any CPU
		{F8580DDB-358A-465F-92C2-7E862F4E059A}.Release|x86.Build.0 = Release|Any CPU
		{0974C65F-0F22-4324-AAF0-FA24D15399D2}.Debug|Any CPU.ActiveCfg = Debug|Any CPU
		{0974C65F-0F22-4324-AAF0-FA24D15399D2}.Debug|Any CPU.Build.0 = Debug|Any CPU
		{0974C65F-0F22-4324-AAF0-FA24D15399D2}.Debug|x64.ActiveCfg = Debug|Any CPU
		{0974C65F-0F22-4324-AAF0-FA24D15399D2}.Debug|x64.Build.0 = Debug|Any CPU
		{0974C65F-0F22-4324-AAF0-FA24D15399D2}.Debug|x86.ActiveCfg = Debug|Any CPU
		{0974C65F-0F22-4324-AAF0-FA24D15399D2}.Debug|x86.Build.0 = Debug|Any CPU
		{0974C65F-0F22-4324-AAF0-FA24D15399D2}.Release|Any CPU.ActiveCfg = Release|Any CPU
		{0974C65F-0F22-4324-AAF0-FA24D15399D2}.Release|Any CPU.Build.0 = Release|Any CPU
		{0974C65F-0F22-4324-AAF0-FA24D15399D2}.Release|x64.ActiveCfg = Release|Any CPU
		{0974C65F-0F22-4324-AAF0-FA24D15399D2}.Release|x64.Build.0 = Release|Any CPU
		{0974C65F-0F22-4324-AAF0-FA24D15399D2}.Release|x86.ActiveCfg = Release|Any CPU
		{0974C65F-0F22-4324-AAF0-FA24D15399D2}.Release|x86.Build.0 = Release|Any CPU
	EndGlobalSection
	GlobalSection(NestedProjects) = preSolution
		{9EC5B5FB-245F-40F8-8A2F-C407BF6973BB} = {E5E35C6B-6469-4F54-A3A7-BFB102573966}
		{FE8DC637-AA67-485B-BC2C-B9837136D3FA} = {E5E35C6B-6469-4F54-A3A7-BFB102573966}
		{A070A391-FE9F-4A00-BEB4-268C9C89E49B} = {E5E35C6B-6469-4F54-A3A7-BFB102573966}
		{56B752EF-A35A-4032-ACE4-BA3DA74B3310} = {6D44D7E2-F721-4932-812B-856721312596}
		{4530BCD1-2F01-465D-BA60-97388030EA51} = {6D44D7E2-F721-4932-812B-856721312596}
		{11CAD1AA-E981-4233-8C8F-F9913866B853} = {6D44D7E2-F721-4932-812B-856721312596}
		{DF30E52D-840B-46D2-8BF1-D8B7F5FD1AC4} = {11CAD1AA-E981-4233-8C8F-F9913866B853}
		{F8580DDB-358A-465F-92C2-7E862F4E059A} = {11CAD1AA-E981-4233-8C8F-F9913866B853}
		{0974C65F-0F22-4324-AAF0-FA24D15399D2} = {11CAD1AA-E981-4233-8C8F-F9913866B853}
	EndGlobalSection
EndGlobal
